
Microsoft Visual Studio Solution File, Format Version 12.00
# Visual Studio Version 16
VisualStudioVersion = 16.0.30011.22
MinimumVisualStudioVersion = 10.0.40219.1
Project("{9A19103F-16F7-4668-BE54-9A1E7A4F7556}") = "API", "API\API.csproj", "{A1F7CE31-8AFE-4C84-A3A0-227CE270652A}"
EndProject
Project("{2150E333-8FDC-42A3-9474-1A3956D46DE8}") = "Application", "Application", "{740024B8-1E29-4040-BCE0-6C92E1DAF63C}"
EndProject
Project("{2150E333-8FDC-42A3-9474-1A3956D46DE8}") = "Infrastructure", "Infrastructure", "{EE4A044D-A5C9-4027-8070-7572970B7101}"
EndProject
Project("{FAE04EC0-301F-11D3-BF4B-00C04F79EFBC}") = "Repository", "Repository\Repository.csproj", "{8531F29D-D6F1-4D5E-BB4C-C56FFAB45721}"
EndProject
Project("{FAE04EC0-301F-11D3-BF4B-00C04F79EFBC}") = "DBContextSQLite", "DBContextSQLite\DBContextSQLite.csproj", "{EF4A697F-C193-40EF-B058-CB76251C56DE}"
EndProject
Project("{2150E333-8FDC-42A3-9474-1A3956D46DE8}") = "Domain", "Domain", "{ECE1CF9F-F9C7-4393-A297-F8DB6F12BE58}"
EndProject
Project("{FAE04EC0-301F-11D3-BF4B-00C04F79EFBC}") = "Service", "Service\Service.csproj", "{7FC520F6-3E0C-452D-9205-848B41A9BC7D}"
EndProject
Project("{FAE04EC0-301F-11D3-BF4B-00C04F79EFBC}") = "Model", "Model\Model.csproj", "{7EAA4456-809C-40CD-BECA-86BB9C397FB2}"
EndProject
Project("{FAE04EC0-301F-11D3-BF4B-00C04F79EFBC}") = "IoC", "IoC\IoC.csproj", "{D5C2339C-0BC8-46D7-AF20-648488EE87F7}"
EndProject
Global
	GlobalSection(SolutionConfigurationPlatforms) = preSolution
		Debug|Any CPU = Debug|Any CPU
		Release|Any CPU = Release|Any CPU
	EndGlobalSection
	GlobalSection(ProjectConfigurationPlatforms) = postSolution
		{A1F7CE31-8AFE-4C84-A3A0-227CE270652A}.Debug|Any CPU.ActiveCfg = Debug|Any CPU
		{A1F7CE31-8AFE-4C84-A3A0-227CE270652A}.Debug|Any CPU.Build.0 = Debug|Any CPU
		{A1F7CE31-8AFE-4C84-A3A0-227CE270652A}.Release|Any CPU.ActiveCfg = Release|Any CPU
		{A1F7CE31-8AFE-4C84-A3A0-227CE270652A}.Release|Any CPU.Build.0 = Release|Any CPU
		{8531F29D-D6F1-4D5E-BB4C-C56FFAB45721}.Debug|Any CPU.ActiveCfg = Debug|Any CPU
		{8531F29D-D6F1-4D5E-BB4C-C56FFAB45721}.Debug|Any CPU.Build.0 = Debug|Any CPU
		{8531F29D-D6F1-4D5E-BB4C-C56FFAB45721}.Release|Any CPU.ActiveCfg = Release|Any CPU
		{8531F29D-D6F1-4D5E-BB4C-C56FFAB45721}.Release|Any CPU.Build.0 = Release|Any CPU
		{EF4A697F-C193-40EF-B058-CB76251C56DE}.Debug|Any CPU.ActiveCfg = Debug|Any CPU
		{EF4A697F-C193-40EF-B058-CB76251C56DE}.Debug|Any CPU.Build.0 = Debug|Any CPU
		{EF4A697F-C193-40EF-B058-CB76251C56DE}.Release|Any CPU.ActiveCfg = Release|Any CPU
		{EF4A697F-C193-40EF-B058-CB76251C56DE}.Release|Any CPU.Build.0 = Release|Any CPU
		{7FC520F6-3E0C-452D-9205-848B41A9BC7D}.Debug|Any CPU.ActiveCfg = Debug|Any CPU
		{7FC520F6-3E0C-452D-9205-848B41A9BC7D}.Debug|Any CPU.Build.0 = Debug|Any CPU
		{7FC520F6-3E0C-452D-9205-848B41A9BC7D}.Release|Any CPU.ActiveCfg = Release|Any CPU
		{7FC520F6-3E0C-452D-9205-848B41A9BC7D}.Release|Any CPU.Build.0 = Release|Any CPU
		{7EAA4456-809C-40CD-BECA-86BB9C397FB2}.Debug|Any CPU.ActiveCfg = Debug|Any CPU
		{7EAA4456-809C-40CD-BECA-86BB9C397FB2}.Debug|Any CPU.Build.0 = Debug|Any CPU
		{7EAA4456-809C-40CD-BECA-86BB9C397FB2}.Release|Any CPU.ActiveCfg = Release|Any CPU
		{7EAA4456-809C-40CD-BECA-86BB9C397FB2}.Release|Any CPU.Build.0 = Release|Any CPU
		{D5C2339C-0BC8-46D7-AF20-648488EE87F7}.Debug|Any CPU.ActiveCfg = Debug|Any CPU
		{D5C2339C-0BC8-46D7-AF20-648488EE87F7}.Debug|Any CPU.Build.0 = Debug|Any CPU
		{D5C2339C-0BC8-46D7-AF20-648488EE87F7}.Release|Any CPU.ActiveCfg = Release|Any CPU
		{D5C2339C-0BC8-46D7-AF20-648488EE87F7}.Release|Any CPU.Build.0 = Release|Any CPU
	EndGlobalSection
	GlobalSection(SolutionProperties) = preSolution
		HideSolutionNode = FALSE
	EndGlobalSection
	GlobalSection(NestedProjects) = preSolution
		{A1F7CE31-8AFE-4C84-A3A0-227CE270652A} = {740024B8-1E29-4040-BCE0-6C92E1DAF63C}
		{8531F29D-D6F1-4D5E-BB4C-C56FFAB45721} = {EE4A044D-A5C9-4027-8070-7572970B7101}
		{EF4A697F-C193-40EF-B058-CB76251C56DE} = {EE4A044D-A5C9-4027-8070-7572970B7101}
		{7FC520F6-3E0C-452D-9205-848B41A9BC7D} = {ECE1CF9F-F9C7-4393-A297-F8DB6F12BE58}
		{7EAA4456-809C-40CD-BECA-86BB9C397FB2} = {ECE1CF9F-F9C7-4393-A297-F8DB6F12BE58}
		{D5C2339C-0BC8-46D7-AF20-648488EE87F7} = {ECE1CF9F-F9C7-4393-A297-F8DB6F12BE58}
	EndGlobalSection
	GlobalSection(ExtensibilityGlobals) = postSolution
		SolutionGuid = {94793460-6984-41E1-A6A9-D7CBB2C62250}
	EndGlobalSection
EndGlobal
